{
  "name": "virtual-machine",
  "version": "1.0.0",
  "lockfileVersion": 2,
  "requires": true,
  "packages": {
    "": {
      "name": "virtual-machine",
      "version": "1.0.0",
      "license": "ISC",
      "dependencies": {
        "arcsecond": "^4.1.0"
      }
    },
    "node_modules/arcsecond": {
      "version": "4.1.0",
      "resolved": "https://registry.npmjs.org/arcsecond/-/arcsecond-4.1.0.tgz",
      "integrity": "sha512-tmZZWu7YvI6y/Fx9RhBk4zH0jwpO8kFIiavPSDryyUmgKc0FjyOxLnMT0nGe2ZjMA4DJDQpIqrCU+IRt0gwErw=="
    }
  },
  "dependencies": {
    "arcsecond": {
      "version": "4.1.0",
      "resolved": "https://registry.npmjs.org/arcsecond/-/arcsecond-4.1.0.tgz",
      "integrity": "sha512-tmZZWu7YvI6y/Fx9RhBk4zH0jwpO8kFIiavPSDryyUmgKc0FjyOxLnMT0nGe2ZjMA4DJDQpIqrCU+IRt0gwErw=="
    }
  }
}
